{
    "_readme": [
        "This file locks the dependencies of your project to a known state",
        "Read more about it at https://getcomposer.org/doc/01-basic-usage.md#composer-lock-the-lock-file",
        "This file is @generated automatically"
    ],
    "hash": "ae6cdb65bd205d70bd0cfa0286e643c2",
    "packages": [],
    "packages-dev": [
        {
            "name": "package/bourbon",
            "version": "4.2.3",
            "dist": {
                "type": "zip",
                "url": "https://github.com/thoughtbot/bourbon/releases/download/v4.2.3/bourbon-v4.2.3.zip",
                "reference": null,
                "shasum": null
            },
            "type": "library"
        }
    ],
    "aliases": [],
    "minimum-stability": "stable",
    "stability-flags": [],
    "prefer-stable": false,
    "prefer-lowest": false,
    "platform": [],
    "platform-dev": []
}
